
Microsoft Visual Studio Solution File, Format Version 12.00
# Visual Studio Version 17
VisualStudioVersion = 17.3.32922.545
MinimumVisualStudioVersion = 10.0.40219.1
Project("{FAE04EC0-301F-11D3-BF4B-00C04F79EFBC}") = "SchoolSections", "SchoolSections\SchoolSections.csproj", "{B2A02E71-A2DF-45FB-B2B7-B09B392DB7F8}"
EndProject
Global
	GlobalSection(SolutionConfigurationPlatforms) = preSolution
		Debug|Any CPU = Debug|Any CPU
		Release|Any CPU = Release|Any CPU
	EndGlobalSection
	GlobalSection(ProjectConfigurationPlatforms) = postSolution
		{B2A02E71-A2DF-45FB-B2B7-B09B392DB7F8}.Debug|Any CPU.ActiveCfg = Debug|Any CPU
		{B2A02E71-A2DF-45FB-B2B7-B09B392DB7F8}.Debug|Any CPU.Build.0 = Debug|Any CPU
		{B2A02E71-A2DF-45FB-B2B7-B09B392DB7F8}.Release|Any CPU.ActiveCfg = Release|Any CPU
		{B2A02E71-A2DF-45FB-B2B7-B09B392DB7F8}.Release|Any CPU.Build.0 = Release|Any CPU
	EndGlobalSection
	GlobalSection(SolutionProperties) = preSolution
		HideSolutionNode = FALSE
	EndGlobalSection
	GlobalSection(ExtensibilityGlobals) = postSolution
		SolutionGuid = {6C4E6C61-7F3E-4F08-926C-1CD7B8BC3AD5}
	EndGlobalSection
EndGlobal
